
Microsoft Visual Studio Solution File, Format Version 12.00
# Visual Studio Version 16
VisualStudioVersion = 16.0.29418.71
MinimumVisualStudioVersion = 10.0.40219.1
Project("{FAE04EC0-301F-11D3-BF4B-00C04F79EFBC}") = "Sample.CarCatalog.Api", "Sample.CarCatalog.Api\Sample.CarCatalog.Api.csproj", "{F9C87A18-26CC-4F06-8D98-4F876938C925}"
EndProject
Project("{FAE04EC0-301F-11D3-BF4B-00C04F79EFBC}") = "Sample.CarCatalog.Services", "Sample.CarCatalog.Services\Sample.CarCatalog.Services.csproj", "{97ED6FC5-B523-4A8C-A0D1-8A185B3CBB94}"
EndProject
Global
	GlobalSection(SolutionConfigurationPlatforms) = preSolution
		Debug|Any CPU = Debug|Any CPU
		Release|Any CPU = Release|Any CPU
	EndGlobalSection
	GlobalSection(ProjectConfigurationPlatforms) = postSolution
		{F9C87A18-26CC-4F06-8D98-4F876938C925}.Debug|Any CPU.ActiveCfg = Debug|Any CPU
		{F9C87A18-26CC-4F06-8D98-4F876938C925}.Debug|Any CPU.Build.0 = Debug|Any CPU
		{F9C87A18-26CC-4F06-8D98-4F876938C925}.Release|Any CPU.ActiveCfg = Release|Any CPU
		{F9C87A18-26CC-4F06-8D98-4F876938C925}.Release|Any CPU.Build.0 = Release|Any CPU
		{97ED6FC5-B523-4A8C-A0D1-8A185B3CBB94}.Debug|Any CPU.ActiveCfg = Debug|Any CPU
		{97ED6FC5-B523-4A8C-A0D1-8A185B3CBB94}.Debug|Any CPU.Build.0 = Debug|Any CPU
		{97ED6FC5-B523-4A8C-A0D1-8A185B3CBB94}.Release|Any CPU.ActiveCfg = Release|Any CPU
		{97ED6FC5-B523-4A8C-A0D1-8A185B3CBB94}.Release|Any CPU.Build.0 = Release|Any CPU
	EndGlobalSection
	GlobalSection(SolutionProperties) = preSolution
		HideSolutionNode = FALSE
	EndGlobalSection
	GlobalSection(ExtensibilityGlobals) = postSolution
		SolutionGuid = {E7173826-34F7-4212-896A-F81418133332}
	EndGlobalSection
EndGlobal
